
Microsoft Visual Studio Solution File, Format Version 12.00
# Visual Studio Version 16
VisualStudioVersion = 16.0.29519.181
MinimumVisualStudioVersion = 10.0.40219.1
Project("{FAE04EC0-301F-11D3-BF4B-00C04F79EFBC}") = "cpj.portal", "cpj.portal\cpj.portal.csproj", "{96426692-5BA2-4EFD-B743-19C3B60F0FBB}"
EndProject
Global
	GlobalSection(SolutionConfigurationPlatforms) = preSolution
		Debug|Any CPU = Debug|Any CPU
		Release|Any CPU = Release|Any CPU
	EndGlobalSection
	GlobalSection(ProjectConfigurationPlatforms) = postSolution
		{96426692-5BA2-4EFD-B743-19C3B60F0FBB}.Debug|Any CPU.ActiveCfg = Debug|Any CPU
		{96426692-5BA2-4EFD-B743-19C3B60F0FBB}.Debug|Any CPU.Build.0 = Debug|Any CPU
		{96426692-5BA2-4EFD-B743-19C3B60F0FBB}.Release|Any CPU.ActiveCfg = Release|Any CPU
		{96426692-5BA2-4EFD-B743-19C3B60F0FBB}.Release|Any CPU.Build.0 = Release|Any CPU
	EndGlobalSection
	GlobalSection(SolutionProperties) = preSolution
		HideSolutionNode = FALSE
	EndGlobalSection
	GlobalSection(ExtensibilityGlobals) = postSolution
		SolutionGuid = {874A3CE0-4BB5-4411-AE05-7F6BDF9FBC00}
	EndGlobalSection
EndGlobal
